// !$*UTF8*$!
{
	archiveVersion = 1;
	classes = {
	};
	objectVersion = 46;
	objects = {

/* Begin PBXBuildFile section */
		990CE7AA1CC26A7200A32721 /* Race.swift in Sources */ = {isa = PBXBuildFile; fileRef = 990CE7A01CC26A7200A32721 /* Race.swift */; };
		990CE7AB1CC26A7200A32721 /* AppDelegate.swift in Sources */ = {isa = PBXBuildFile; fileRef = 990CE7A21CC26A7200A32721 /* AppDelegate.swift */; };
		990CE7AC1CC26A7200A32721 /* Assets.xcassets in Resources */ = {isa = PBXBuildFile; fileRef = 990CE7A31CC26A7200A32721 /* Assets.xcassets */; };
		990CE7AD1CC26A7200A32721 /* Info.plist in Resources */ = {isa = PBXBuildFile; fileRef = 990CE7A41CC26A7200A32721 /* Info.plist */; };
		990CE7AE1CC26A7200A32721 /* LaunchScreen.storyboard in Resources */ = {isa = PBXBuildFile; fileRef = 990CE7A51CC26A7200A32721 /* LaunchScreen.storyboard */; };
		990CE7AF1CC26A7200A32721 /* RaceViewController.swift in Sources */ = {isa = PBXBuildFile; fileRef = 990CE7A71CC26A7200A32721 /* RaceViewController.swift */; };
		990CE7B01CC26A7200A32721 /* Main.storyboard in Resources */ = {isa = PBXBuildFile; fileRef = 990CE7A91CC26A7200A32721 /* Main.storyboard */; };
/* End PBXBuildFile section */

/* Begin PBXFileReference section */
		990CE78A1CC2697500A32721 /* race.app */ = {isa = PBXFileReference; explicitFileType = wrapper.application; includeInIndex = 0; path = race.app; sourceTree = BUILT_PRODUCTS_DIR; };
		990CE7A01CC26A7200A32721 /* Race.swift */ = {isa = PBXFileReference; fileEncoding = 4; lastKnownFileType = sourcecode.swift; path = Race.swift; sourceTree = "<group>"; };
		990CE7A21CC26A7200A32721 /* AppDelegate.swift */ = {isa = PBXFileReference; fileEncoding = 4; lastKnownFileType = sourcecode.swift; path = AppDelegate.swift; sourceTree = "<group>"; };
		990CE7A31CC26A7200A32721 /* Assets.xcassets */ = {isa = PBXFileReference; lastKnownFileType = folder.assetcatalog; path = Assets.xcassets; sourceTree = "<group>"; };
		990CE7A41CC26A7200A32721 /* Info.plist */ = {isa = PBXFileReference; fileEncoding = 4; lastKnownFileType = text.plist.xml; path = Info.plist; sourceTree = "<group>"; };
		990CE7A51CC26A7200A32721 /* LaunchScreen.storyboard */ = {isa = PBXFileReference; fileEncoding = 4; lastKnownFileType = file.storyboard; path = LaunchScreen.storyboard; sourceTree = "<group>"; };
		990CE7A71CC26A7200A32721 /* RaceViewController.swift */ = {isa = PBXFileReference; fileEncoding = 4; lastKnownFileType = sourcecode.swift; path = RaceViewController.swift; sourceTree = "<group>"; };
		990CE7A91CC26A7200A32721 /* Main.storyboard */ = {isa = PBXFileReference; fileEncoding = 4; lastKnownFileType = file.storyboard; path = Main.storyboard; sourceTree = "<group>"; };
/* End PBXFileReference section */

/* Begin PBXFrameworksBuildPhase section */
		990CE7871CC2697500A32721 /* Frameworks */ = {
			isa = PBXFrameworksBuildPhase;
			buildActionMask = 2147483647;
			files = (
			);
			runOnlyForDeploymentPostprocessing = 0;
		};
/* End PBXFrameworksBuildPhase section */

/* Begin PBXGroup section */
		990CE7811CC2697500A32721 = {
			isa = PBXGroup;
			children = (
				990CE78C1CC2697500A32721 /* race */,
				990CE78B1CC2697500A32721 /* Products */,
			);
			sourceTree = "<group>";
		};
		990CE78B1CC2697500A32721 /* Products */ = {
			isa = PBXGroup;
			children = (
				990CE78A1CC2697500A32721 /* race.app */,
			);
			name = Products;
			sourceTree = "<group>";
		};
		990CE78C1CC2697500A32721 /* race */ = {
			isa = PBXGroup;
			children = (
				990CE79F1CC26A7200A32721 /* Model */,
				990CE7A11CC26A7200A32721 /* SupportingFiles */,
				990CE7A61CC26A7200A32721 /* ViewControllers */,
				990CE7A81CC26A7200A32721 /* Views */,
			);
			path = race;
			sourceTree = "<group>";
		};
		990CE79F1CC26A7200A32721 /* Model */ = {
			isa = PBXGroup;
			children = (
				990CE7A01CC26A7200A32721 /* Race.swift */,
			);
			path = Model;
			sourceTree = "<group>";
		};
		990CE7A11CC26A7200A32721 /* SupportingFiles */ = {
			isa = PBXGroup;
			children = (
				990CE7A21CC26A7200A32721 /* AppDelegate.swift */,
				990CE7A31CC26A7200A32721 /* Assets.xcassets */,
				990CE7A41CC26A7200A32721 /* Info.plist */,
				990CE7A51CC26A7200A32721 /* LaunchScreen.storyboard */,
			);
			path = SupportingFiles;
			sourceTree = "<group>";
		};
		990CE7A61CC26A7200A32721 /* ViewControllers */ = {
			isa = PBXGroup;
			children = (
				990CE7A71CC26A7200A32721 /* RaceViewController.swift */,
			);
			path = ViewControllers;
			sourceTree = "<group>";
		};
		990CE7A81CC26A7200A32721 /* Views */ = {
			isa = PBXGroup;
			children = (
				990CE7A91CC26A7200A32721 /* Main.storyboard */,
			);
			path = Views;
			sourceTree = "<group>";
		};
/* End PBXGroup section */

/* Begin PBXNativeTarget section */
		990CE7891CC2697500A32721 /* race */ = {
			isa = PBXNativeTarget;
			buildConfigurationList = 990CE79C1CC2697500A32721 /* Build configuration list for PBXNativeTarget "race" */;
			buildPhases = (
				990CE7861CC2697500A32721 /* Sources */,
				990CE7871CC2697500A32721 /* Frameworks */,
				990CE7881CC2697500A32721 /* Resources */,
			);
			buildRules = (
			);
			dependencies = (
			);
			name = race;
			productName = race;
			productReference = 990CE78A1CC2697500A32721 /* race.app */;
			productType = "com.apple.product-type.application";
		};
/* End PBXNativeTarget section */

/* Begin PBXProject section */
		990CE7821CC2697500A32721 /* Project object */ = {
			isa = PBXProject;
			attributes = {
				LastSwiftUpdateCheck = 0720;
				LastUpgradeCheck = 0720;
				ORGANIZATIONNAME = Toto;
				TargetAttributes = {
					990CE7891CC2697500A32721 = {
						CreatedOnToolsVersion = 7.2;
					};
				};
			};
			buildConfigurationList = 990CE7851CC2697500A32721 /* Build configuration list for PBXProject "race" */;
			compatibilityVersion = "Xcode 3.2";
			developmentRegion = English;
			hasScannedForEncodings = 0;
			knownRegions = (
				en,
				Base,
			);
			mainGroup = 990CE7811CC2697500A32721;
			productRefGroup = 990CE78B1CC2697500A32721 /* Products */;
			projectDirPath = "";
			projectRoot = "";
			targets = (
				990CE7891CC2697500A32721 /* race */,
			);
		};
/* End PBXProject section */

/* Begin PBXResourcesBuildPhase section */
		990CE7881CC2697500A32721 /* Resources */ = {
			isa = PBXResourcesBuildPhase;
			buildActionMask = 2147483647;
			files = (
				990CE7AE1CC26A7200A32721 /* LaunchScreen.storyboard in Resources */,
				990CE7AD1CC26A7200A32721 /* Info.plist in Resources */,
				990CE7AC1CC26A7200A32721 /* Assets.xcassets in Resources */,
				990CE7B01CC26A7200A32721 /* Main.storyboard in Resources */,
			);
			runOnlyForDeploymentPostprocessing = 0;
		};
/* End PBXResourcesBuildPhase section */

/* Begin PBXSourcesBuildPhase section */
		990CE7861CC2697500A32721 /* Sources */ = {
			isa = PBXSourcesBuildPhase;
			buildActionMask = 2147483647;
			files = (
				990CE7AB1CC26A7200A32721 /* AppDelegate.swift in Sources */,
				990CE7AA1CC26A7200A32721 /* Race.swift in Sources */,
				990CE7AF1CC26A7200A32721 /* RaceViewController.swift in Sources */,
			);
			runOnlyForDeploymentPostprocessing = 0;
		};
/* End PBXSourcesBuildPhase section */

/* Begin XCBuildConfiguration section */
		990CE79A1CC2697500A32721 /* Debug */ = {
			isa = XCBuildConfiguration;
			buildSettings = {
				ALWAYS_SEARCH_USER_PATHS = NO;
				CLANG_CXX_LANGUAGE_STANDARD = "gnu++0x";
				CLANG_CXX_LIBRARY = "libc++";
				CLANG_ENABLE_MODULES = YES;
				CLANG_ENABLE_OBJC_ARC = YES;
				CLANG_WARN_BOOL_CONVERSION = YES;
				CLANG_WARN_CONSTANT_CONVERSION = YES;
				CLANG_WARN_DIRECT_OBJC_ISA_USAGE = YES_ERROR;
				CLANG_WARN_EMPTY_BODY = YES;
				CLANG_WARN_ENUM_CONVERSION = YES;
				CLANG_WARN_INT_CONVERSION = YES;
				CLANG_WARN_OBJC_ROOT_CLASS = YES_ERROR;
				CLANG_WARN_UNREACHABLE_CODE = YES;
				CLANG_WARN__DUPLICATE_METHOD_MATCH = YES;
				"CODE_SIGN_IDENTITY[sdk=iphoneos*]" = "iPhone Developer";
				COPY_PHASE_STRIP = NO;
				DEBUG_INFORMATION_FORMAT = dwarf;
				ENABLE_STRICT_OBJC_MSGSEND = YES;
				ENABLE_TESTABILITY = YES;
				GCC_C_LANGUAGE_STANDARD = gnu99;
				GCC_DYNAMIC_NO_PIC = NO;
				GCC_NO_COMMON_BLOCKS = YES;
				GCC_OPTIMIZATION_LEVEL = 0;
				GCC_PREPROCESSOR_DEFINITIONS = (
					"DEBUG=1",
					"$(inherited)",
				);
				GCC_WARN_64_TO_32_BIT_CONVERSION = YES;
				GCC_WARN_ABOUT_RETURN_TYPE = YES_ERROR;
				GCC_WARN_UNDECLARED_SELECTOR = YES;
				GCC_WARN_UNINITIALIZED_AUTOS = YES_AGGRESSIVE;
				GCC_WARN_UNUSED_FUNCTION = YES;
				GCC_WARN_UNUSED_VARIABLE = YES;
				IPHONEOS_DEPLOYMENT_TARGET = 9.2;
				MTL_ENABLE_DEBUG_INFO = YES;
				ONLY_ACTIVE_ARCH = YES;
				SDKROOT = iphoneos;
				SWIFT_OPTIMIZATION_LEVEL = "-Onone";
				TARGETED_DEVICE_FAMILY = "1,2";
			};
			name = Debug;
		};
		990CE79B1CC2697500A32721 /* Release */ = {
			isa = XCBuildConfiguration;
			buildSettings = {
				ALWAYS_SEARCH_USER_PATHS = NO;
				CLANG_CXX_LANGUAGE_STANDARD = "gnu++0x";
				CLANG_CXX_LIBRARY = "libc++";
				CLANG_ENABLE_MODULES = YES;
				CLANG_ENABLE_OBJC_ARC = YES;
				CLANG_WARN_BOOL_CONVERSION = YES;
				CLANG_WARN_CONSTANT_CONVERSION = YES;
				CLANG_WARN_DIRECT_OBJC_ISA_USAGE = YES_ERROR;
				CLANG_WARN_EMPTY_BODY = YES;
				CLANG_WARN_ENUM_CONVERSION = YES;
				CLANG_WARN_INT_CONVERSION = YES;
				CLANG_WARN_OBJC_ROOT_CLASS = YES_ERROR;
				CLANG_WARN_UNREACHABLE_CODE = YES;
				CLANG_WARN__DUPLICATE_METHOD_MATCH = YES;
				"CODE_SIGN_IDENTITY[sdk=iphoneos*]" = "iPhone Developer";
				COPY_PHASE_STRIP = NO;
				DEBUG_INFORMATION_FORMAT = "dwarf-with-dsym";
				ENABLE_NS_ASSERTIONS = NO;
				ENABLE_STRICT_OBJC_MSGSEND = YES;
				GCC_C_LANGUAGE_STANDARD = gnu99;
				GCC_NO_COMMON_BLOCKS = YES;
				GCC_WARN_64_TO_32_BIT_CONVERSION = YES;
				GCC_WARN_ABOUT_RETURN_TYPE = YES_ERROR;
				GCC_WARN_UNDECLARED_SELECTOR = YES;
				GCC_WARN_UNINITIALIZED_AUTOS = YES_AGGRESSIVE;
				GCC_WARN_UNUSED_FUNCTION = YES;
				GCC_WARN_UNUSED_VARIABLE = YES;
				IPHONEOS_DEPLOYMENT_TARGET = 9.2;
				MTL_ENABLE_DEBUG_INFO = NO;
				SDKROOT = iphoneos;
				TARGETED_DEVICE_FAMILY = "1,2";
				VALIDATE_PRODUCT = YES;
			};
			name = Release;
		};
		990CE79D1CC2697500A32721 /* Debug */ = {
			isa = XCBuildConfiguration;
			buildSettings = {
				ASSETCATALOG_COMPILER_APPICON_NAME = AppIcon;
				INFOPLIST_FILE = race/SupportingFiles/Info.plist;
				LD_RUNPATH_SEARCH_PATHS = "$(inherited) @executable_path/Frameworks";
				PRODUCT_BUNDLE_IDENTIFIER = toto.race;
				PRODUCT_NAME = "$(TARGET_NAME)";
			};
			name = Debug;
		};
		990CE79E1CC2697500A32721 /* Release */ = {
			isa = XCBuildConfiguration;
			buildSettings = {
				ASSETCATALOG_COMPILER_APPICON_NAME = AppIcon;
				INFOPLIST_FILE = race/SupportingFiles/Info.plist;
				LD_RUNPATH_SEARCH_PATHS = "$(inherited) @executable_path/Frameworks";
				PRODUCT_BUNDLE_IDENTIFIER = toto.race;
				PRODUCT_NAME = "$(TARGET_NAME)";
			};
			name = Release;
		};
/* End XCBuildConfiguration section */

/* Begin XCConfigurationList section */
		990CE7851CC2697500A32721 /* Build configuration list for PBXProject "race" */ = {
			isa = XCConfigurationList;
			buildConfigurations = (
				990CE79A1CC2697500A32721 /* Debug */,
				990CE79B1CC2697500A32721 /* Release */,
			);
			defaultConfigurationIsVisible = 0;
			defaultConfigurationName = Release;
		};
		990CE79C1CC2697500A32721 /* Build configuration list for PBXNativeTarget "race" */ = {
			isa = XCConfigurationList;
			buildConfigurations = (
				990CE79D1CC2697500A32721 /* Debug */,
				990CE79E1CC2697500A32721 /* Release */,
			);
			defaultConfigurationIsVisible = 0;
			defaultConfigurationName = Release;
		};
/* End XCConfigurationList section */
	};
	rootObject = 990CE7821CC2697500A32721 /* Project object */;
}
